
Microsoft Visual Studio Solution File, Format Version 12.00
# Visual Studio Version 17
VisualStudioVersion = 17.9.34714.143
MinimumVisualStudioVersion = 10.0.40219.1
Project("{FAE04EC0-301F-11D3-BF4B-00C04F79EFBC}") = "DropSun", "DropSun.csproj", "{3064341D-4178-4C8F-96A4-68D548318443}"
EndProject
Project("{FAE04EC0-301F-11D3-BF4B-00C04F79EFBC}") = "Pikouna Engine", "..\..\Pikouna-Engine\Pikouna Engine\Pikouna Engine\Pikouna Engine.csproj", "{03D3557F-F7C0-4DAF-A078-0EED8A953BB9}"
EndProject
Project("{FAE04EC0-301F-11D3-BF4B-00C04F79EFBC}") = "ShinGrid", "..\..\ShinGrid\ShinGrid\ShinGrid\ShinGrid.csproj", "{77E9A918-178C-41AB-8C5B-6806B67552D9}"
EndProject
Project("{FAE04EC0-301F-11D3-BF4B-00C04F79EFBC}") = "Ozora", "..\..\Ozora-Engine\Ozora-Engine\Ozora\Ozora.csproj", "{F6229152-444E-4B6D-B020-73AA38CC4837}"
EndProject
Project("{FAE04EC0-301F-11D3-BF4B-00C04F79EFBC}") = "AnimatedTextView", "..\..\AnimatedTextView\AnimatedTextView\AnimatedTextView\AnimatedTextView.csproj", "{9F068199-54AE-453A-82E2-52885898C219}"
EndProject
Global
	GlobalSection(SolutionConfigurationPlatforms) = preSolution
		Debug|ARM64 = Debug|ARM64
		Debug|x64 = Debug|x64
		Debug|x86 = Debug|x86
		Release|ARM64 = Release|ARM64
		Release|x64 = Release|x64
		Release|x86 = Release|x86
	EndGlobalSection
	GlobalSection(ProjectConfigurationPlatforms) = postSolution
		{3064341D-4178-4C8F-96A4-68D548318443}.Debug|ARM64.ActiveCfg = Debug|ARM64
		{3064341D-4178-4C8F-96A4-68D548318443}.Debug|ARM64.Build.0 = Debug|ARM64
		{3064341D-4178-4C8F-96A4-68D548318443}.Debug|ARM64.Deploy.0 = Debug|ARM64
		{3064341D-4178-4C8F-96A4-68D548318443}.Debug|x64.ActiveCfg = Debug|x64
		{3064341D-4178-4C8F-96A4-68D548318443}.Debug|x64.Build.0 = Debug|x64
		{3064341D-4178-4C8F-96A4-68D548318443}.Debug|x64.Deploy.0 = Debug|x64
		{3064341D-4178-4C8F-96A4-68D548318443}.Debug|x86.ActiveCfg = Debug|x86
		{3064341D-4178-4C8F-96A4-68D548318443}.Debug|x86.Build.0 = Debug|x86
		{3064341D-4178-4C8F-96A4-68D548318443}.Debug|x86.Deploy.0 = Debug|x86
		{3064341D-4178-4C8F-96A4-68D548318443}.Release|ARM64.ActiveCfg = Release|ARM64
		{3064341D-4178-4C8F-96A4-68D548318443}.Release|ARM64.Build.0 = Release|ARM64
		{3064341D-4178-4C8F-96A4-68D548318443}.Release|ARM64.Deploy.0 = Release|ARM64
		{3064341D-4178-4C8F-96A4-68D548318443}.Release|x64.ActiveCfg = Release|x64
		{3064341D-4178-4C8F-96A4-68D548318443}.Release|x64.Build.0 = Release|x64
		{3064341D-4178-4C8F-96A4-68D548318443}.Release|x64.Deploy.0 = Release|x64
		{3064341D-4178-4C8F-96A4-68D548318443}.Release|x86.ActiveCfg = Release|x86
		{3064341D-4178-4C8F-96A4-68D548318443}.Release|x86.Build.0 = Release|x86
		{3064341D-4178-4C8F-96A4-68D548318443}.Release|x86.Deploy.0 = Release|x86
		{03D3557F-F7C0-4DAF-A078-0EED8A953BB9}.Debug|ARM64.ActiveCfg = Debug|Any CPU
		{03D3557F-F7C0-4DAF-A078-0EED8A953BB9}.Debug|ARM64.Build.0 = Debug|Any CPU
		{03D3557F-F7C0-4DAF-A078-0EED8A953BB9}.Debug|x64.ActiveCfg = Debug|Any CPU
		{03D3557F-F7C0-4DAF-A078-0EED8A953BB9}.Debug|x64.Build.0 = Debug|Any CPU
		{03D3557F-F7C0-4DAF-A078-0EED8A953BB9}.Debug|x86.ActiveCfg = Debug|Any CPU
		{03D3557F-F7C0-4DAF-A078-0EED8A953BB9}.Debug|x86.Build.0 = Debug|Any CPU
		{03D3557F-F7C0-4DAF-A078-0EED8A953BB9}.Release|ARM64.ActiveCfg = Release|Any CPU
		{03D3557F-F7C0-4DAF-A078-0EED8A953BB9}.Release|ARM64.Build.0 = Release|Any CPU
		{03D3557F-F7C0-4DAF-A078-0EED8A953BB9}.Release|x64.ActiveCfg = Release|Any CPU
		{03D3557F-F7C0-4DAF-A078-0EED8A953BB9}.Release|x64.Build.0 = Release|Any CPU
		{03D3557F-F7C0-4DAF-A078-0EED8A953BB9}.Release|x86.ActiveCfg = Release|Any CPU
		{03D3557F-F7C0-4DAF-A078-0EED8A953BB9}.Release|x86.Build.0 = Release|Any CPU
		{77E9A918-178C-41AB-8C5B-6806B67552D9}.Debug|ARM64.ActiveCfg = Debug|Any CPU
		{77E9A918-178C-41AB-8C5B-6806B67552D9}.Debug|ARM64.Build.0 = Debug|Any CPU
		{77E9A918-178C-41AB-8C5B-6806B67552D9}.Debug|x64.ActiveCfg = Debug|Any CPU
		{77E9A918-178C-41AB-8C5B-6806B67552D9}.Debug|x64.Build.0 = Debug|Any CPU
		{77E9A918-178C-41AB-8C5B-6806B67552D9}.Debug|x86.ActiveCfg = Debug|Any CPU
		{77E9A918-178C-41AB-8C5B-6806B67552D9}.Debug|x86.Build.0 = Debug|Any CPU
		{77E9A918-178C-41AB-8C5B-6806B67552D9}.Release|ARM64.ActiveCfg = Release|Any CPU
		{77E9A918-178C-41AB-8C5B-6806B67552D9}.Release|ARM64.Build.0 = Release|Any CPU
		{77E9A918-178C-41AB-8C5B-6806B67552D9}.Release|x64.ActiveCfg = Release|Any CPU
		{77E9A918-178C-41AB-8C5B-6806B67552D9}.Release|x64.Build.0 = Release|Any CPU
		{77E9A918-178C-41AB-8C5B-6806B67552D9}.Release|x86.ActiveCfg = Release|Any CPU
		{77E9A918-178C-41AB-8C5B-6806B67552D9}.Release|x86.Build.0 = Release|Any CPU
		{F6229152-444E-4B6D-B020-73AA38CC4837}.Debug|ARM64.ActiveCfg = Debug|Any CPU
		{F6229152-444E-4B6D-B020-73AA38CC4837}.Debug|ARM64.Build.0 = Debug|Any CPU
		{F6229152-444E-4B6D-B020-73AA38CC4837}.Debug|x64.ActiveCfg = Debug|Any CPU
		{F6229152-444E-4B6D-B020-73AA38CC4837}.Debug|x64.Build.0 = Debug|Any CPU
		{F6229152-444E-4B6D-B020-73AA38CC4837}.Debug|x86.ActiveCfg = Debug|Any CPU
		{F6229152-444E-4B6D-B020-73AA38CC4837}.Debug|x86.Build.0 = Debug|Any CPU
		{F6229152-444E-4B6D-B020-73AA38CC4837}.Release|ARM64.ActiveCfg = Release|Any CPU
		{F6229152-444E-4B6D-B020-73AA38CC4837}.Release|ARM64.Build.0 = Release|Any CPU
		{F6229152-444E-4B6D-B020-73AA38CC4837}.Release|x64.ActiveCfg = Release|Any CPU
		{F6229152-444E-4B6D-B020-73AA38CC4837}.Release|x64.Build.0 = Release|Any CPU
		{F6229152-444E-4B6D-B020-73AA38CC4837}.Release|x86.ActiveCfg = Release|Any CPU
		{F6229152-444E-4B6D-B020-73AA38CC4837}.Release|x86.Build.0 = Release|Any CPU
		{9F068199-54AE-453A-82E2-52885898C219}.Debug|ARM64.ActiveCfg = Debug|Any CPU
		{9F068199-54AE-453A-82E2-52885898C219}.Debug|ARM64.Build.0 = Debug|Any CPU
		{9F068199-54AE-453A-82E2-52885898C219}.Debug|x64.ActiveCfg = Debug|Any CPU
		{9F068199-54AE-453A-82E2-52885898C219}.Debug|x64.Build.0 = Debug|Any CPU
		{9F068199-54AE-453A-82E2-52885898C219}.Debug|x86.ActiveCfg = Debug|Any CPU
		{9F068199-54AE-453A-82E2-52885898C219}.Debug|x86.Build.0 = Debug|Any CPU
		{9F068199-54AE-453A-82E2-52885898C219}.Release|ARM64.ActiveCfg = Release|Any CPU
		{9F068199-54AE-453A-82E2-52885898C219}.Release|ARM64.Build.0 = Release|Any CPU
		{9F068199-54AE-453A-82E2-52885898C219}.Release|x64.ActiveCfg = Release|Any CPU
		{9F068199-54AE-453A-82E2-52885898C219}.Release|x64.Build.0 = Release|Any CPU
		{9F068199-54AE-453A-82E2-52885898C219}.Release|x86.ActiveCfg = Release|Any CPU
		{9F068199-54AE-453A-82E2-52885898C219}.Release|x86.Build.0 = Release|Any CPU
	EndGlobalSection
	GlobalSection(SolutionProperties) = preSolution
		HideSolutionNode = FALSE
	EndGlobalSection
	GlobalSection(ExtensibilityGlobals) = postSolution
		SolutionGuid = {2A1A1674-A982-4962-8483-741ED845B0C7}
	EndGlobalSection
EndGlobal
